
Microsoft Visual Studio Solution File, Format Version 12.00
# Visual Studio 15
VisualStudioVersion = 15.0.26430.12
MinimumVisualStudioVersion = 10.0.40219.1
Project("{FAE04EC0-301F-11D3-BF4B-00C04F79EFBC}") = "Sitecore.Extranet.Core", "Sitecore.Extranet.Core.csproj", "{8A791607-FF45-4AB9-9294-7926F7B2A8E8}"
EndProject
Project("{FAE04EC0-301F-11D3-BF4B-00C04F79EFBC}") = "Sitecore.Extranet.UI", "..\Sitecore.Extranet.UI\Sitecore.Extranet.UI.csproj", "{51B8CD92-5C25-4EC2-94D8-8F42870025FE}"
EndProject
Global
	GlobalSection(SolutionConfigurationPlatforms) = preSolution
		Debug|Any CPU = Debug|Any CPU
		Release|Any CPU = Release|Any CPU
	EndGlobalSection
	GlobalSection(ProjectConfigurationPlatforms) = postSolution
		{8A791607-FF45-4AB9-9294-7926F7B2A8E8}.Debug|Any CPU.ActiveCfg = Debug|Any CPU
		{8A791607-FF45-4AB9-9294-7926F7B2A8E8}.Debug|Any CPU.Build.0 = Debug|Any CPU
		{8A791607-FF45-4AB9-9294-7926F7B2A8E8}.Release|Any CPU.ActiveCfg = Release|Any CPU
		{8A791607-FF45-4AB9-9294-7926F7B2A8E8}.Release|Any CPU.Build.0 = Release|Any CPU
		{51B8CD92-5C25-4EC2-94D8-8F42870025FE}.Debug|Any CPU.ActiveCfg = Debug|Any CPU
		{51B8CD92-5C25-4EC2-94D8-8F42870025FE}.Debug|Any CPU.Build.0 = Debug|Any CPU
		{51B8CD92-5C25-4EC2-94D8-8F42870025FE}.Release|Any CPU.ActiveCfg = Release|Any CPU
		{51B8CD92-5C25-4EC2-94D8-8F42870025FE}.Release|Any CPU.Build.0 = Release|Any CPU
	EndGlobalSection
	GlobalSection(SolutionProperties) = preSolution
		HideSolutionNode = FALSE
	EndGlobalSection
EndGlobal
